
Microsoft Visual Studio Solution File, Format Version 12.00
# Visual Studio Version 17
VisualStudioVersion = 17.7.34221.43
MinimumVisualStudioVersion = 10.0.40219.1
Project("{FAE04EC0-301F-11D3-BF4B-00C04F79EFBC}") = "TimeTrackingApp", "TimeTrackingApp\TimeTrackingApp.csproj", "{10F75FB2-2F4D-47F1-BB8F-CA7C17A71BB3}"
EndProject
Global
	GlobalSection(SolutionConfigurationPlatforms) = preSolution
		Debug|Any CPU = Debug|Any CPU
		Release|Any CPU = Release|Any CPU
	EndGlobalSection
	GlobalSection(ProjectConfigurationPlatforms) = postSolution
		{10F75FB2-2F4D-47F1-BB8F-CA7C17A71BB3}.Debug|Any CPU.ActiveCfg = Debug|Any CPU
		{10F75FB2-2F4D-47F1-BB8F-CA7C17A71BB3}.Debug|Any CPU.Build.0 = Debug|Any CPU
		{10F75FB2-2F4D-47F1-BB8F-CA7C17A71BB3}.Release|Any CPU.ActiveCfg = Release|Any CPU
		{10F75FB2-2F4D-47F1-BB8F-CA7C17A71BB3}.Release|Any CPU.Build.0 = Release|Any CPU
	EndGlobalSection
	GlobalSection(SolutionProperties) = preSolution
		HideSolutionNode = FALSE
	EndGlobalSection
	GlobalSection(ExtensibilityGlobals) = postSolution
		SolutionGuid = {370152E2-40AC-4DC6-AF6D-98E2EF561E84}
	EndGlobalSection
EndGlobal
